
Microsoft Visual Studio Solution File, Format Version 12.00
# Visual Studio Version 17
VisualStudioVersion = 17.6.33723.286
MinimumVisualStudioVersion = 10.0.40219.1
Project("{FAE04EC0-301F-11D3-BF4B-00C04F79EFBC}") = "Server", "Server\Server.csproj", "{F6112B7C-FEBF-4F61-B874-569351C1E0FE}"
EndProject
Project("{FAE04EC0-301F-11D3-BF4B-00C04F79EFBC}") = "Client", "Client\Client.csproj", "{8A7F6CEC-37C7-4532-A771-1339B9A3C6DD}"
EndProject
Project("{FAE04EC0-301F-11D3-BF4B-00C04F79EFBC}") = "Shared", "Shared\Shared.csproj", "{285D5929-0788-4AA9-A5B5-5CB56AB21F2F}"
EndProject
Global
	GlobalSection(SolutionConfigurationPlatforms) = preSolution
		Debug|Any CPU = Debug|Any CPU
		Release|Any CPU = Release|Any CPU
	EndGlobalSection
	GlobalSection(ProjectConfigurationPlatforms) = postSolution
		{F6112B7C-FEBF-4F61-B874-569351C1E0FE}.Debug|Any CPU.ActiveCfg = Debug|Any CPU
		{F6112B7C-FEBF-4F61-B874-569351C1E0FE}.Debug|Any CPU.Build.0 = Debug|Any CPU
		{F6112B7C-FEBF-4F61-B874-569351C1E0FE}.Release|Any CPU.ActiveCfg = Release|Any CPU
		{F6112B7C-FEBF-4F61-B874-569351C1E0FE}.Release|Any CPU.Build.0 = Release|Any CPU
		{8A7F6CEC-37C7-4532-A771-1339B9A3C6DD}.Debug|Any CPU.ActiveCfg = Debug|Any CPU
		{8A7F6CEC-37C7-4532-A771-1339B9A3C6DD}.Debug|Any CPU.Build.0 = Debug|Any CPU
		{8A7F6CEC-37C7-4532-A771-1339B9A3C6DD}.Release|Any CPU.ActiveCfg = Release|Any CPU
		{8A7F6CEC-37C7-4532-A771-1339B9A3C6DD}.Release|Any CPU.Build.0 = Release|Any CPU
		{285D5929-0788-4AA9-A5B5-5CB56AB21F2F}.Debug|Any CPU.ActiveCfg = Debug|Any CPU
		{285D5929-0788-4AA9-A5B5-5CB56AB21F2F}.Debug|Any CPU.Build.0 = Debug|Any CPU
		{285D5929-0788-4AA9-A5B5-5CB56AB21F2F}.Release|Any CPU.ActiveCfg = Release|Any CPU
		{285D5929-0788-4AA9-A5B5-5CB56AB21F2F}.Release|Any CPU.Build.0 = Release|Any CPU
	EndGlobalSection
	GlobalSection(SolutionProperties) = preSolution
		HideSolutionNode = FALSE
	EndGlobalSection
	GlobalSection(ExtensibilityGlobals) = postSolution
		SolutionGuid = {F56C3A25-7D93-4475-A086-3E36EACD5B5D}
	EndGlobalSection
EndGlobal
